
Microsoft Visual Studio Solution File, Format Version 12.00
# Visual Studio Version 17
VisualStudioVersion = 17.6.33815.320
MinimumVisualStudioVersion = 10.0.40219.1
Project("{FAE04EC0-301F-11D3-BF4B-00C04F79EFBC}") = "MP1", "MP1.csproj", "{C8E2862B-475D-4249-BCC2-48B1BB8F71CC}"
EndProject
Global
	GlobalSection(SolutionConfigurationPlatforms) = preSolution
		Debug|Any CPU = Debug|Any CPU
		Release|Any CPU = Release|Any CPU
	EndGlobalSection
	GlobalSection(ProjectConfigurationPlatforms) = postSolution
		{C8E2862B-475D-4249-BCC2-48B1BB8F71CC}.Debug|Any CPU.ActiveCfg = Debug|Any CPU
		{C8E2862B-475D-4249-BCC2-48B1BB8F71CC}.Debug|Any CPU.Build.0 = Debug|Any CPU
		{C8E2862B-475D-4249-BCC2-48B1BB8F71CC}.Release|Any CPU.ActiveCfg = Release|Any CPU
		{C8E2862B-475D-4249-BCC2-48B1BB8F71CC}.Release|Any CPU.Build.0 = Release|Any CPU
	EndGlobalSection
	GlobalSection(SolutionProperties) = preSolution
		HideSolutionNode = FALSE
	EndGlobalSection
	GlobalSection(ExtensibilityGlobals) = postSolution
		SolutionGuid = {F7F1A722-86D4-4133-BB5E-EF50269AD963}
	EndGlobalSection
EndGlobal
